
Microsoft Visual Studio Solution File, Format Version 12.00
# Visual Studio 15
VisualStudioVersion = 15.0.27703.2042
MinimumVisualStudioVersion = 10.0.40219.1
Project("{FAE04EC0-301F-11D3-BF4B-00C04F79EFBC}") = "DFS.Android", "DFS\DFS.Android\DFS.Android.csproj", "{AE0CCF51-4AA1-4313-A449-FFD64C11B0AB}"
EndProject
Project("{FAE04EC0-301F-11D3-BF4B-00C04F79EFBC}") = "DFS.iOS", "DFS\DFS.iOS\DFS.iOS.csproj", "{265E6A5E-1099-4D7D-90F3-903707AE6DC7}"
EndProject
Project("{FAE04EC0-301F-11D3-BF4B-00C04F79EFBC}") = "DFS", "DFS\DFS\DFS.csproj", "{C810B33D-9F7A-4C1B-B001-6601111E28F6}"
EndProject
Global
	GlobalSection(SolutionConfigurationPlatforms) = preSolution
		Ad-Hoc|Any CPU = Ad-Hoc|Any CPU
		Ad-Hoc|iPhone = Ad-Hoc|iPhone
		Ad-Hoc|iPhoneSimulator = Ad-Hoc|iPhoneSimulator
		AppStore|Any CPU = AppStore|Any CPU
		AppStore|iPhone = AppStore|iPhone
		AppStore|iPhoneSimulator = AppStore|iPhoneSimulator
		Debug|Any CPU = Debug|Any CPU
		Debug|iPhone = Debug|iPhone
		Debug|iPhoneSimulator = Debug|iPhoneSimulator
		Release|Any CPU = Release|Any CPU
		Release|iPhone = Release|iPhone
		Release|iPhoneSimulator = Release|iPhoneSimulator
	EndGlobalSection
	GlobalSection(ProjectConfigurationPlatforms) = postSolution
		{AE0CCF51-4AA1-4313-A449-FFD64C11B0AB}.Ad-Hoc|Any CPU.ActiveCfg = Release|Any CPU
		{AE0CCF51-4AA1-4313-A449-FFD64C11B0AB}.Ad-Hoc|Any CPU.Build.0 = Release|Any CPU
		{AE0CCF51-4AA1-4313-A449-FFD64C11B0AB}.Ad-Hoc|Any CPU.Deploy.0 = Release|Any CPU
		{AE0CCF51-4AA1-4313-A449-FFD64C11B0AB}.Ad-Hoc|iPhone.ActiveCfg = Release|Any CPU
		{AE0CCF51-4AA1-4313-A449-FFD64C11B0AB}.Ad-Hoc|iPhone.Build.0 = Release|Any CPU
		{AE0CCF51-4AA1-4313-A449-FFD64C11B0AB}.Ad-Hoc|iPhone.Deploy.0 = Release|Any CPU
		{AE0CCF51-4AA1-4313-A449-FFD64C11B0AB}.Ad-Hoc|iPhoneSimulator.ActiveCfg = Release|Any CPU
		{AE0CCF51-4AA1-4313-A449-FFD64C11B0AB}.Ad-Hoc|iPhoneSimulator.Build.0 = Release|Any CPU
		{AE0CCF51-4AA1-4313-A449-FFD64C11B0AB}.Ad-Hoc|iPhoneSimulator.Deploy.0 = Release|Any CPU
		{AE0CCF51-4AA1-4313-A449-FFD64C11B0AB}.AppStore|Any CPU.ActiveCfg = Release|Any CPU
		{AE0CCF51-4AA1-4313-A449-FFD64C11B0AB}.AppStore|Any CPU.Build.0 = Release|Any CPU
		{AE0CCF51-4AA1-4313-A449-FFD64C11B0AB}.AppStore|Any CPU.Deploy.0 = Release|Any CPU
		{AE0CCF51-4AA1-4313-A449-FFD64C11B0AB}.AppStore|iPhone.ActiveCfg = Release|Any CPU
		{AE0CCF51-4AA1-4313-A449-FFD64C11B0AB}.AppStore|iPhone.Build.0 = Release|Any CPU
		{AE0CCF51-4AA1-4313-A449-FFD64C11B0AB}.AppStore|iPhone.Deploy.0 = Release|Any CPU
		{AE0CCF51-4AA1-4313-A449-FFD64C11B0AB}.AppStore|iPhoneSimulator.ActiveCfg = Release|Any CPU
		{AE0CCF51-4AA1-4313-A449-FFD64C11B0AB}.AppStore|iPhoneSimulator.Build.0 = Release|Any CPU
		{AE0CCF51-4AA1-4313-A449-FFD64C11B0AB}.AppStore|iPhoneSimulator.Deploy.0 = Release|Any CPU
		{AE0CCF51-4AA1-4313-A449-FFD64C11B0AB}.Debug|Any CPU.ActiveCfg = Debug|Any CPU
		{AE0CCF51-4AA1-4313-A449-FFD64C11B0AB}.Debug|Any CPU.Build.0 = Debug|Any CPU
		{AE0CCF51-4AA1-4313-A449-FFD64C11B0AB}.Debug|Any CPU.Deploy.0 = Debug|Any CPU
		{AE0CCF51-4AA1-4313-A449-FFD64C11B0AB}.Debug|iPhone.ActiveCfg = Debug|Any CPU
		{AE0CCF51-4AA1-4313-A449-FFD64C11B0AB}.Debug|iPhone.Build.0 = Debug|Any CPU
		{AE0CCF51-4AA1-4313-A449-FFD64C11B0AB}.Debug|iPhone.Deploy.0 = Debug|Any CPU
		{AE0CCF51-4AA1-4313-A449-FFD64C11B0AB}.Debug|iPhoneSimulator.ActiveCfg = Debug|Any CPU
		{AE0CCF51-4AA1-4313-A449-FFD64C11B0AB}.Debug|iPhoneSimulator.Build.0 = Debug|Any CPU
		{AE0CCF51-4AA1-4313-A449-FFD64C11B0AB}.Debug|iPhoneSimulator.Deploy.0 = Debug|Any CPU
		{AE0CCF51-4AA1-4313-A449-FFD64C11B0AB}.Release|Any CPU.ActiveCfg = Release|Any CPU
		{AE0CCF51-4AA1-4313-A449-FFD64C11B0AB}.Release|Any CPU.Build.0 = Release|Any CPU
		{AE0CCF51-4AA1-4313-A449-FFD64C11B0AB}.Release|Any CPU.Deploy.0 = Release|Any CPU
		{AE0CCF51-4AA1-4313-A449-FFD64C11B0AB}.Release|iPhone.ActiveCfg = Release|Any CPU
		{AE0CCF51-4AA1-4313-A449-FFD64C11B0AB}.Release|iPhone.Build.0 = Release|Any CPU
		{AE0CCF51-4AA1-4313-A449-FFD64C11B0AB}.Release|iPhone.Deploy.0 = Release|Any CPU
		{AE0CCF51-4AA1-4313-A449-FFD64C11B0AB}.Release|iPhoneSimulator.ActiveCfg = Release|Any CPU
		{AE0CCF51-4AA1-4313-A449-FFD64C11B0AB}.Release|iPhoneSimulator.Build.0 = Release|Any CPU
		{AE0CCF51-4AA1-4313-A449-FFD64C11B0AB}.Release|iPhoneSimulator.Deploy.0 = Release|Any CPU
		{265E6A5E-1099-4D7D-90F3-903707AE6DC7}.Ad-Hoc|Any CPU.ActiveCfg = Ad-Hoc|iPhone
		{265E6A5E-1099-4D7D-90F3-903707AE6DC7}.Ad-Hoc|Any CPU.Build.0 = Ad-Hoc|iPhone
		{265E6A5E-1099-4D7D-90F3-903707AE6DC7}.Ad-Hoc|Any CPU.Deploy.0 = Ad-Hoc|iPhone
		{265E6A5E-1099-4D7D-90F3-903707AE6DC7}.Ad-Hoc|iPhone.ActiveCfg = Ad-Hoc|iPhone
		{265E6A5E-1099-4D7D-90F3-903707AE6DC7}.Ad-Hoc|iPhone.Build.0 = Ad-Hoc|iPhone
		{265E6A5E-1099-4D7D-90F3-903707AE6DC7}.Ad-Hoc|iPhone.Deploy.0 = Ad-Hoc|iPhone
		{265E6A5E-1099-4D7D-90F3-903707AE6DC7}.Ad-Hoc|iPhoneSimulator.ActiveCfg = Ad-Hoc|iPhoneSimulator
		{265E6A5E-1099-4D7D-90F3-903707AE6DC7}.Ad-Hoc|iPhoneSimulator.Build.0 = Ad-Hoc|iPhoneSimulator
		{265E6A5E-1099-4D7D-90F3-903707AE6DC7}.Ad-Hoc|iPhoneSimulator.Deploy.0 = Ad-Hoc|iPhoneSimulator
		{265E6A5E-1099-4D7D-90F3-903707AE6DC7}.AppStore|Any CPU.ActiveCfg = AppStore|iPhone
		{265E6A5E-1099-4D7D-90F3-903707AE6DC7}.AppStore|Any CPU.Build.0 = AppStore|iPhone
		{265E6A5E-1099-4D7D-90F3-903707AE6DC7}.AppStore|Any CPU.Deploy.0 = AppStore|iPhone
		{265E6A5E-1099-4D7D-90F3-903707AE6DC7}.AppStore|iPhone.ActiveCfg = AppStore|iPhone
		{265E6A5E-1099-4D7D-90F3-903707AE6DC7}.AppStore|iPhone.Build.0 = AppStore|iPhone
		{265E6A5E-1099-4D7D-90F3-903707AE6DC7}.AppStore|iPhone.Deploy.0 = AppStore|iPhone
		{265E6A5E-1099-4D7D-90F3-903707AE6DC7}.AppStore|iPhoneSimulator.ActiveCfg = AppStore|iPhoneSimulator
		{265E6A5E-1099-4D7D-90F3-903707AE6DC7}.AppStore|iPhoneSimulator.Build.0 = AppStore|iPhoneSimulator
		{265E6A5E-1099-4D7D-90F3-903707AE6DC7}.AppStore|iPhoneSimulator.Deploy.0 = AppStore|iPhoneSimulator
		{265E6A5E-1099-4D7D-90F3-903707AE6DC7}.Debug|Any CPU.ActiveCfg = Debug|iPhoneSimulator
		{265E6A5E-1099-4D7D-90F3-903707AE6DC7}.Debug|Any CPU.Build.0 = Debug|iPhoneSimulator
		{265E6A5E-1099-4D7D-90F3-903707AE6DC7}.Debug|Any CPU.Deploy.0 = Debug|iPhoneSimulator
		{265E6A5E-1099-4D7D-90F3-903707AE6DC7}.Debug|iPhone.ActiveCfg = Debug|iPhone
		{265E6A5E-1099-4D7D-90F3-903707AE6DC7}.Debug|iPhone.Build.0 = Debug|iPhone
		{265E6A5E-1099-4D7D-90F3-903707AE6DC7}.Debug|iPhone.Deploy.0 = Debug|iPhone
		{265E6A5E-1099-4D7D-90F3-903707AE6DC7}.Debug|iPhoneSimulator.ActiveCfg = Debug|iPhoneSimulator
		{265E6A5E-1099-4D7D-90F3-903707AE6DC7}.Debug|iPhoneSimulator.Build.0 = Debug|iPhoneSimulator
		{265E6A5E-1099-4D7D-90F3-903707AE6DC7}.Debug|iPhoneSimulator.Deploy.0 = Debug|iPhoneSimulator
		{265E6A5E-1099-4D7D-90F3-903707AE6DC7}.Release|Any CPU.ActiveCfg = Release|iPhone
		{265E6A5E-1099-4D7D-90F3-903707AE6DC7}.Release|Any CPU.Build.0 = Release|iPhone
		{265E6A5E-1099-4D7D-90F3-903707AE6DC7}.Release|Any CPU.Deploy.0 = Release|iPhone
		{265E6A5E-1099-4D7D-90F3-903707AE6DC7}.Release|iPhone.ActiveCfg = Release|iPhone
		{265E6A5E-1099-4D7D-90F3-903707AE6DC7}.Release|iPhone.Build.0 = Release|iPhone
		{265E6A5E-1099-4D7D-90F3-903707AE6DC7}.Release|iPhone.Deploy.0 = Release|iPhone
		{265E6A5E-1099-4D7D-90F3-903707AE6DC7}.Release|iPhoneSimulator.ActiveCfg = Release|iPhoneSimulator
		{265E6A5E-1099-4D7D-90F3-903707AE6DC7}.Release|iPhoneSimulator.Build.0 = Release|iPhoneSimulator
		{265E6A5E-1099-4D7D-90F3-903707AE6DC7}.Release|iPhoneSimulator.Deploy.0 = Release|iPhoneSimulator
		{C810B33D-9F7A-4C1B-B001-6601111E28F6}.Ad-Hoc|Any CPU.ActiveCfg = Debug|Any CPU
		{C810B33D-9F7A-4C1B-B001-6601111E28F6}.Ad-Hoc|Any CPU.Build.0 = Debug|Any CPU
		{C810B33D-9F7A-4C1B-B001-6601111E28F6}.Ad-Hoc|Any CPU.Deploy.0 = Debug|Any CPU
		{C810B33D-9F7A-4C1B-B001-6601111E28F6}.Ad-Hoc|iPhone.ActiveCfg = Debug|Any CPU
		{C810B33D-9F7A-4C1B-B001-6601111E28F6}.Ad-Hoc|iPhone.Build.0 = Debug|Any CPU
		{C810B33D-9F7A-4C1B-B001-6601111E28F6}.Ad-Hoc|iPhone.Deploy.0 = Debug|Any CPU
		{C810B33D-9F7A-4C1B-B001-6601111E28F6}.Ad-Hoc|iPhoneSimulator.ActiveCfg = Debug|Any CPU
		{C810B33D-9F7A-4C1B-B001-6601111E28F6}.Ad-Hoc|iPhoneSimulator.Build.0 = Debug|Any CPU
		{C810B33D-9F7A-4C1B-B001-6601111E28F6}.Ad-Hoc|iPhoneSimulator.Deploy.0 = Debug|Any CPU
		{C810B33D-9F7A-4C1B-B001-6601111E28F6}.AppStore|Any CPU.ActiveCfg = Debug|Any CPU
		{C810B33D-9F7A-4C1B-B001-6601111E28F6}.AppStore|Any CPU.Build.0 = Debug|Any CPU
		{C810B33D-9F7A-4C1B-B001-6601111E28F6}.AppStore|Any CPU.Deploy.0 = Debug|Any CPU
		{C810B33D-9F7A-4C1B-B001-6601111E28F6}.AppStore|iPhone.ActiveCfg = Debug|Any CPU
		{C810B33D-9F7A-4C1B-B001-6601111E28F6}.AppStore|iPhone.Build.0 = Debug|Any CPU
		{C810B33D-9F7A-4C1B-B001-6601111E28F6}.AppStore|iPhone.Deploy.0 = Debug|Any CPU
		{C810B33D-9F7A-4C1B-B001-6601111E28F6}.AppStore|iPhoneSimulator.ActiveCfg = Debug|Any CPU
		{C810B33D-9F7A-4C1B-B001-6601111E28F6}.AppStore|iPhoneSimulator.Build.0 = Debug|Any CPU
		{C810B33D-9F7A-4C1B-B001-6601111E28F6}.AppStore|iPhoneSimulator.Deploy.0 = Debug|Any CPU
		{C810B33D-9F7A-4C1B-B001-6601111E28F6}.Debug|Any CPU.ActiveCfg = Debug|Any CPU
		{C810B33D-9F7A-4C1B-B001-6601111E28F6}.Debug|Any CPU.Build.0 = Debug|Any CPU
		{C810B33D-9F7A-4C1B-B001-6601111E28F6}.Debug|Any CPU.Deploy.0 = Debug|Any CPU
		{C810B33D-9F7A-4C1B-B001-6601111E28F6}.Debug|iPhone.ActiveCfg = Debug|Any CPU
		{C810B33D-9F7A-4C1B-B001-6601111E28F6}.Debug|iPhone.Build.0 = Debug|Any CPU
		{C810B33D-9F7A-4C1B-B001-6601111E28F6}.Debug|iPhone.Deploy.0 = Debug|Any CPU
		{C810B33D-9F7A-4C1B-B001-6601111E28F6}.Debug|iPhoneSimulator.ActiveCfg = Debug|Any CPU
		{C810B33D-9F7A-4C1B-B001-6601111E28F6}.Debug|iPhoneSimulator.Build.0 = Debug|Any CPU
		{C810B33D-9F7A-4C1B-B001-6601111E28F6}.Debug|iPhoneSimulator.Deploy.0 = Debug|Any CPU
		{C810B33D-9F7A-4C1B-B001-6601111E28F6}.Release|Any CPU.ActiveCfg = Release|Any CPU
		{C810B33D-9F7A-4C1B-B001-6601111E28F6}.Release|Any CPU.Build.0 = Release|Any CPU
		{C810B33D-9F7A-4C1B-B001-6601111E28F6}.Release|Any CPU.Deploy.0 = Release|Any CPU
		{C810B33D-9F7A-4C1B-B001-6601111E28F6}.Release|iPhone.ActiveCfg = Release|Any CPU
		{C810B33D-9F7A-4C1B-B001-6601111E28F6}.Release|iPhone.Build.0 = Release|Any CPU
		{C810B33D-9F7A-4C1B-B001-6601111E28F6}.Release|iPhone.Deploy.0 = Release|Any CPU
		{C810B33D-9F7A-4C1B-B001-6601111E28F6}.Release|iPhoneSimulator.ActiveCfg = Release|Any CPU
		{C810B33D-9F7A-4C1B-B001-6601111E28F6}.Release|iPhoneSimulator.Build.0 = Release|Any CPU
		{C810B33D-9F7A-4C1B-B001-6601111E28F6}.Release|iPhoneSimulator.Deploy.0 = Release|Any CPU
	EndGlobalSection
	GlobalSection(SolutionProperties) = preSolution
		HideSolutionNode = FALSE
	EndGlobalSection
	GlobalSection(ExtensibilityGlobals) = postSolution
		SolutionGuid = {CC015DE3-DE05-4832-A856-93333EC18BCD}
	EndGlobalSection
EndGlobal
